
Microsoft Visual Studio Solution File, Format Version 12.00
# Visual Studio 15
VisualStudioVersion = 15.0.27130.2036
MinimumVisualStudioVersion = 10.0.40219.1
Project("{FAE04EC0-301F-11D3-BF4B-00C04F79EFBC}") = "App9.Android", "App9\App9.Android\App9.Android.csproj", "{A746271C-6406-49FB-923C-6E2E2E540923}"
EndProject
Project("{FAE04EC0-301F-11D3-BF4B-00C04F79EFBC}") = "App9.iOS", "App9\App9.iOS\App9.iOS.csproj", "{CEEBF752-6E32-417D-8730-C7E637094A6A}"
EndProject
Project("{FAE04EC0-301F-11D3-BF4B-00C04F79EFBC}") = "App9.UWP", "App9\App9.UWP\App9.UWP.csproj", "{BBBECEDD-EDEC-4904-AFDE-9EE0312FC72D}"
EndProject
Project("{FAE04EC0-301F-11D3-BF4B-00C04F79EFBC}") = "App9", "App9\App9\App9.csproj", "{C3A2C52B-B100-47B6-9FA6-8B577D214E02}"
EndProject
Global
	GlobalSection(SolutionConfigurationPlatforms) = preSolution
		Ad-Hoc|Any CPU = Ad-Hoc|Any CPU
		Ad-Hoc|ARM = Ad-Hoc|ARM
		Ad-Hoc|iPhone = Ad-Hoc|iPhone
		Ad-Hoc|iPhoneSimulator = Ad-Hoc|iPhoneSimulator
		Ad-Hoc|x64 = Ad-Hoc|x64
		Ad-Hoc|x86 = Ad-Hoc|x86
		AppStore|Any CPU = AppStore|Any CPU
		AppStore|ARM = AppStore|ARM
		AppStore|iPhone = AppStore|iPhone
		AppStore|iPhoneSimulator = AppStore|iPhoneSimulator
		AppStore|x64 = AppStore|x64
		AppStore|x86 = AppStore|x86
		Debug|Any CPU = Debug|Any CPU
		Debug|ARM = Debug|ARM
		Debug|iPhone = Debug|iPhone
		Debug|iPhoneSimulator = Debug|iPhoneSimulator
		Debug|x64 = Debug|x64
		Debug|x86 = Debug|x86
		Release|Any CPU = Release|Any CPU
		Release|ARM = Release|ARM
		Release|iPhone = Release|iPhone
		Release|iPhoneSimulator = Release|iPhoneSimulator
		Release|x64 = Release|x64
		Release|x86 = Release|x86
	EndGlobalSection
	GlobalSection(ProjectConfigurationPlatforms) = postSolution
		{A746271C-6406-49FB-923C-6E2E2E540923}.Ad-Hoc|Any CPU.ActiveCfg = Release|Any CPU
		{A746271C-6406-49FB-923C-6E2E2E540923}.Ad-Hoc|Any CPU.Build.0 = Release|Any CPU
		{A746271C-6406-49FB-923C-6E2E2E540923}.Ad-Hoc|Any CPU.Deploy.0 = Release|Any CPU
		{A746271C-6406-49FB-923C-6E2E2E540923}.Ad-Hoc|ARM.ActiveCfg = Release|Any CPU
		{A746271C-6406-49FB-923C-6E2E2E540923}.Ad-Hoc|ARM.Build.0 = Release|Any CPU
		{A746271C-6406-49FB-923C-6E2E2E540923}.Ad-Hoc|ARM.Deploy.0 = Release|Any CPU
		{A746271C-6406-49FB-923C-6E2E2E540923}.Ad-Hoc|iPhone.ActiveCfg = Release|Any CPU
		{A746271C-6406-49FB-923C-6E2E2E540923}.Ad-Hoc|iPhone.Build.0 = Release|Any CPU
		{A746271C-6406-49FB-923C-6E2E2E540923}.Ad-Hoc|iPhone.Deploy.0 = Release|Any CPU
		{A746271C-6406-49FB-923C-6E2E2E540923}.Ad-Hoc|iPhoneSimulator.ActiveCfg = Release|Any CPU
		{A746271C-6406-49FB-923C-6E2E2E540923}.Ad-Hoc|iPhoneSimulator.Build.0 = Release|Any CPU
		{A746271C-6406-49FB-923C-6E2E2E540923}.Ad-Hoc|iPhoneSimulator.Deploy.0 = Release|Any CPU
		{A746271C-6406-49FB-923C-6E2E2E540923}.Ad-Hoc|x64.ActiveCfg = Release|Any CPU
		{A746271C-6406-49FB-923C-6E2E2E540923}.Ad-Hoc|x64.Build.0 = Release|Any CPU
		{A746271C-6406-49FB-923C-6E2E2E540923}.Ad-Hoc|x64.Deploy.0 = Release|Any CPU
		{A746271C-6406-49FB-923C-6E2E2E540923}.Ad-Hoc|x86.ActiveCfg = Release|Any CPU
		{A746271C-6406-49FB-923C-6E2E2E540923}.Ad-Hoc|x86.Build.0 = Release|Any CPU
		{A746271C-6406-49FB-923C-6E2E2E540923}.Ad-Hoc|x86.Deploy.0 = Release|Any CPU
		{A746271C-6406-49FB-923C-6E2E2E540923}.AppStore|Any CPU.ActiveCfg = Release|Any CPU
		{A746271C-6406-49FB-923C-6E2E2E540923}.AppStore|Any CPU.Build.0 = Release|Any CPU
		{A746271C-6406-49FB-923C-6E2E2E540923}.AppStore|Any CPU.Deploy.0 = Release|Any CPU
		{A746271C-6406-49FB-923C-6E2E2E540923}.AppStore|ARM.ActiveCfg = Release|Any CPU
		{A746271C-6406-49FB-923C-6E2E2E540923}.AppStore|ARM.Build.0 = Release|Any CPU
		{A746271C-6406-49FB-923C-6E2E2E540923}.AppStore|ARM.Deploy.0 = Release|Any CPU
		{A746271C-6406-49FB-923C-6E2E2E540923}.AppStore|iPhone.ActiveCfg = Release|Any CPU
		{A746271C-6406-49FB-923C-6E2E2E540923}.AppStore|iPhone.Build.0 = Release|Any CPU
		{A746271C-6406-49FB-923C-6E2E2E540923}.AppStore|iPhone.Deploy.0 = Release|Any CPU
		{A746271C-6406-49FB-923C-6E2E2E540923}.AppStore|iPhoneSimulator.ActiveCfg = Release|Any CPU
		{A746271C-6406-49FB-923C-6E2E2E540923}.AppStore|iPhoneSimulator.Build.0 = Release|Any CPU
		{A746271C-6406-49FB-923C-6E2E2E540923}.AppStore|iPhoneSimulator.Deploy.0 = Release|Any CPU
		{A746271C-6406-49FB-923C-6E2E2E540923}.AppStore|x64.ActiveCfg = Release|Any CPU
		{A746271C-6406-49FB-923C-6E2E2E540923}.AppStore|x64.Build.0 = Release|Any CPU
		{A746271C-6406-49FB-923C-6E2E2E540923}.AppStore|x64.Deploy.0 = Release|Any CPU
		{A746271C-6406-49FB-923C-6E2E2E540923}.AppStore|x86.ActiveCfg = Release|Any CPU
		{A746271C-6406-49FB-923C-6E2E2E540923}.AppStore|x86.Build.0 = Release|Any CPU
		{A746271C-6406-49FB-923C-6E2E2E540923}.AppStore|x86.Deploy.0 = Release|Any CPU
		{A746271C-6406-49FB-923C-6E2E2E540923}.Debug|Any CPU.ActiveCfg = Debug|Any CPU
		{A746271C-6406-49FB-923C-6E2E2E540923}.Debug|Any CPU.Build.0 = Debug|Any CPU
		{A746271C-6406-49FB-923C-6E2E2E540923}.Debug|Any CPU.Deploy.0 = Debug|Any CPU
		{A746271C-6406-49FB-923C-6E2E2E540923}.Debug|ARM.ActiveCfg = Debug|Any CPU
		{A746271C-6406-49FB-923C-6E2E2E540923}.Debug|ARM.Build.0 = Debug|Any CPU
		{A746271C-6406-49FB-923C-6E2E2E540923}.Debug|ARM.Deploy.0 = Debug|Any CPU
		{A746271C-6406-49FB-923C-6E2E2E540923}.Debug|iPhone.ActiveCfg = Debug|Any CPU
		{A746271C-6406-49FB-923C-6E2E2E540923}.Debug|iPhone.Build.0 = Debug|Any CPU
		{A746271C-6406-49FB-923C-6E2E2E540923}.Debug|iPhone.Deploy.0 = Debug|Any CPU
		{A746271C-6406-49FB-923C-6E2E2E540923}.Debug|iPhoneSimulator.ActiveCfg = Debug|Any CPU
		{A746271C-6406-49FB-923C-6E2E2E540923}.Debug|iPhoneSimulator.Build.0 = Debug|Any CPU
		{A746271C-6406-49FB-923C-6E2E2E540923}.Debug|iPhoneSimulator.Deploy.0 = Debug|Any CPU
		{A746271C-6406-49FB-923C-6E2E2E540923}.Debug|x64.ActiveCfg = Debug|Any CPU
		{A746271C-6406-49FB-923C-6E2E2E540923}.Debug|x64.Build.0 = Debug|Any CPU
		{A746271C-6406-49FB-923C-6E2E2E540923}.Debug|x64.Deploy.0 = Debug|Any CPU
		{A746271C-6406-49FB-923C-6E2E2E540923}.Debug|x86.ActiveCfg = Debug|Any CPU
		{A746271C-6406-49FB-923C-6E2E2E540923}.Debug|x86.Build.0 = Debug|Any CPU
		{A746271C-6406-49FB-923C-6E2E2E540923}.Debug|x86.Deploy.0 = Debug|Any CPU
		{A746271C-6406-49FB-923C-6E2E2E540923}.Release|Any CPU.ActiveCfg = Release|Any CPU
		{A746271C-6406-49FB-923C-6E2E2E540923}.Release|Any CPU.Build.0 = Release|Any CPU
		{A746271C-6406-49FB-923C-6E2E2E540923}.Release|Any CPU.Deploy.0 = Release|Any CPU
		{A746271C-6406-49FB-923C-6E2E2E540923}.Release|ARM.ActiveCfg = Release|Any CPU
		{A746271C-6406-49FB-923C-6E2E2E540923}.Release|ARM.Build.0 = Release|Any CPU
		{A746271C-6406-49FB-923C-6E2E2E540923}.Release|ARM.Deploy.0 = Release|Any CPU
		{A746271C-6406-49FB-923C-6E2E2E540923}.Release|iPhone.ActiveCfg = Release|Any CPU
		{A746271C-6406-49FB-923C-6E2E2E540923}.Release|iPhone.Build.0 = Release|Any CPU
		{A746271C-6406-49FB-923C-6E2E2E540923}.Release|iPhone.Deploy.0 = Release|Any CPU
		{A746271C-6406-49FB-923C-6E2E2E540923}.Release|iPhoneSimulator.ActiveCfg = Release|Any CPU
		{A746271C-6406-49FB-923C-6E2E2E540923}.Release|iPhoneSimulator.Build.0 = Release|Any CPU
		{A746271C-6406-49FB-923C-6E2E2E540923}.Release|iPhoneSimulator.Deploy.0 = Release|Any CPU
		{A746271C-6406-49FB-923C-6E2E2E540923}.Release|x64.ActiveCfg = Release|Any CPU
		{A746271C-6406-49FB-923C-6E2E2E540923}.Release|x64.Build.0 = Release|Any CPU
		{A746271C-6406-49FB-923C-6E2E2E540923}.Release|x64.Deploy.0 = Release|Any CPU
		{A746271C-6406-49FB-923C-6E2E2E540923}.Release|x86.ActiveCfg = Release|Any CPU
		{A746271C-6406-49FB-923C-6E2E2E540923}.Release|x86.Build.0 = Release|Any CPU
		{A746271C-6406-49FB-923C-6E2E2E540923}.Release|x86.Deploy.0 = Release|Any CPU
		{CEEBF752-6E32-417D-8730-C7E637094A6A}.Ad-Hoc|Any CPU.ActiveCfg = Ad-Hoc|iPhone
		{CEEBF752-6E32-417D-8730-C7E637094A6A}.Ad-Hoc|ARM.ActiveCfg = Ad-Hoc|iPhone
		{CEEBF752-6E32-417D-8730-C7E637094A6A}.Ad-Hoc|iPhone.ActiveCfg = Ad-Hoc|iPhone
		{CEEBF752-6E32-417D-8730-C7E637094A6A}.Ad-Hoc|iPhone.Build.0 = Ad-Hoc|iPhone
		{CEEBF752-6E32-417D-8730-C7E637094A6A}.Ad-Hoc|iPhoneSimulator.ActiveCfg = Ad-Hoc|iPhoneSimulator
		{CEEBF752-6E32-417D-8730-C7E637094A6A}.Ad-Hoc|iPhoneSimulator.Build.0 = Ad-Hoc|iPhoneSimulator
		{CEEBF752-6E32-417D-8730-C7E637094A6A}.Ad-Hoc|x64.ActiveCfg = Ad-Hoc|iPhone
		{CEEBF752-6E32-417D-8730-C7E637094A6A}.Ad-Hoc|x86.ActiveCfg = Ad-Hoc|iPhone
		{CEEBF752-6E32-417D-8730-C7E637094A6A}.AppStore|Any CPU.ActiveCfg = AppStore|iPhone
		{CEEBF752-6E32-417D-8730-C7E637094A6A}.AppStore|ARM.ActiveCfg = AppStore|iPhone
		{CEEBF752-6E32-417D-8730-C7E637094A6A}.AppStore|iPhone.ActiveCfg = AppStore|iPhone
		{CEEBF752-6E32-417D-8730-C7E637094A6A}.AppStore|iPhone.Build.0 = AppStore|iPhone
		{CEEBF752-6E32-417D-8730-C7E637094A6A}.AppStore|iPhoneSimulator.ActiveCfg = AppStore|iPhoneSimulator
		{CEEBF752-6E32-417D-8730-C7E637094A6A}.AppStore|iPhoneSimulator.Build.0 = AppStore|iPhoneSimulator
		{CEEBF752-6E32-417D-8730-C7E637094A6A}.AppStore|x64.ActiveCfg = AppStore|iPhone
		{CEEBF752-6E32-417D-8730-C7E637094A6A}.AppStore|x86.ActiveCfg = AppStore|iPhone
		{CEEBF752-6E32-417D-8730-C7E637094A6A}.Debug|Any CPU.ActiveCfg = Debug|iPhone
		{CEEBF752-6E32-417D-8730-C7E637094A6A}.Debug|ARM.ActiveCfg = Debug|iPhone
		{CEEBF752-6E32-417D-8730-C7E637094A6A}.Debug|iPhone.ActiveCfg = Debug|iPhone
		{CEEBF752-6E32-417D-8730-C7E637094A6A}.Debug|iPhone.Build.0 = Debug|iPhone
		{CEEBF752-6E32-417D-8730-C7E637094A6A}.Debug|iPhoneSimulator.ActiveCfg = Debug|iPhoneSimulator
		{CEEBF752-6E32-417D-8730-C7E637094A6A}.Debug|iPhoneSimulator.Build.0 = Debug|iPhoneSimulator
		{CEEBF752-6E32-417D-8730-C7E637094A6A}.Debug|x64.ActiveCfg = Debug|iPhone
		{CEEBF752-6E32-417D-8730-C7E637094A6A}.Debug|x86.ActiveCfg = Debug|iPhone
		{CEEBF752-6E32-417D-8730-C7E637094A6A}.Release|Any CPU.ActiveCfg = Release|iPhone
		{CEEBF752-6E32-417D-8730-C7E637094A6A}.Release|ARM.ActiveCfg = Release|iPhone
		{CEEBF752-6E32-417D-8730-C7E637094A6A}.Release|iPhone.ActiveCfg = Release|iPhone
		{CEEBF752-6E32-417D-8730-C7E637094A6A}.Release|iPhone.Build.0 = Release|iPhone
		{CEEBF752-6E32-417D-8730-C7E637094A6A}.Release|iPhoneSimulator.ActiveCfg = Release|iPhoneSimulator
		{CEEBF752-6E32-417D-8730-C7E637094A6A}.Release|iPhoneSimulator.Build.0 = Release|iPhoneSimulator
		{CEEBF752-6E32-417D-8730-C7E637094A6A}.Release|x64.ActiveCfg = Release|iPhone
		{CEEBF752-6E32-417D-8730-C7E637094A6A}.Release|x86.ActiveCfg = Release|iPhone
		{BBBECEDD-EDEC-4904-AFDE-9EE0312FC72D}.Ad-Hoc|Any CPU.ActiveCfg = Release|x86
		{BBBECEDD-EDEC-4904-AFDE-9EE0312FC72D}.Ad-Hoc|Any CPU.Build.0 = Release|x86
		{BBBECEDD-EDEC-4904-AFDE-9EE0312FC72D}.Ad-Hoc|Any CPU.Deploy.0 = Release|x86
		{BBBECEDD-EDEC-4904-AFDE-9EE0312FC72D}.Ad-Hoc|ARM.ActiveCfg = Release|ARM
		{BBBECEDD-EDEC-4904-AFDE-9EE0312FC72D}.Ad-Hoc|ARM.Build.0 = Release|ARM
		{BBBECEDD-EDEC-4904-AFDE-9EE0312FC72D}.Ad-Hoc|ARM.Deploy.0 = Release|ARM
		{BBBECEDD-EDEC-4904-AFDE-9EE0312FC72D}.Ad-Hoc|iPhone.ActiveCfg = Release|x86
		{BBBECEDD-EDEC-4904-AFDE-9EE0312FC72D}.Ad-Hoc|iPhone.Build.0 = Release|x86
		{BBBECEDD-EDEC-4904-AFDE-9EE0312FC72D}.Ad-Hoc|iPhone.Deploy.0 = Release|x86
		{BBBECEDD-EDEC-4904-AFDE-9EE0312FC72D}.Ad-Hoc|iPhoneSimulator.ActiveCfg = Release|x86
		{BBBECEDD-EDEC-4904-AFDE-9EE0312FC72D}.Ad-Hoc|iPhoneSimulator.Build.0 = Release|x86
		{BBBECEDD-EDEC-4904-AFDE-9EE0312FC72D}.Ad-Hoc|iPhoneSimulator.Deploy.0 = Release|x86
		{BBBECEDD-EDEC-4904-AFDE-9EE0312FC72D}.Ad-Hoc|x64.ActiveCfg = Release|x64
		{BBBECEDD-EDEC-4904-AFDE-9EE0312FC72D}.Ad-Hoc|x64.Build.0 = Release|x64
		{BBBECEDD-EDEC-4904-AFDE-9EE0312FC72D}.Ad-Hoc|x64.Deploy.0 = Release|x64
		{BBBECEDD-EDEC-4904-AFDE-9EE0312FC72D}.Ad-Hoc|x86.ActiveCfg = Release|x86
		{BBBECEDD-EDEC-4904-AFDE-9EE0312FC72D}.Ad-Hoc|x86.Build.0 = Release|x86
		{BBBECEDD-EDEC-4904-AFDE-9EE0312FC72D}.Ad-Hoc|x86.Deploy.0 = Release|x86
		{BBBECEDD-EDEC-4904-AFDE-9EE0312FC72D}.AppStore|Any CPU.ActiveCfg = Release|x86
		{BBBECEDD-EDEC-4904-AFDE-9EE0312FC72D}.AppStore|Any CPU.Build.0 = Release|x86
		{BBBECEDD-EDEC-4904-AFDE-9EE0312FC72D}.AppStore|Any CPU.Deploy.0 = Release|x86
		{BBBECEDD-EDEC-4904-AFDE-9EE0312FC72D}.AppStore|ARM.ActiveCfg = Release|ARM
		{BBBECEDD-EDEC-4904-AFDE-9EE0312FC72D}.AppStore|ARM.Build.0 = Release|ARM
		{BBBECEDD-EDEC-4904-AFDE-9EE0312FC72D}.AppStore|ARM.Deploy.0 = Release|ARM
		{BBBECEDD-EDEC-4904-AFDE-9EE0312FC72D}.AppStore|iPhone.ActiveCfg = Release|x86
		{BBBECEDD-EDEC-4904-AFDE-9EE0312FC72D}.AppStore|iPhone.Build.0 = Release|x86
		{BBBECEDD-EDEC-4904-AFDE-9EE0312FC72D}.AppStore|iPhone.Deploy.0 = Release|x86
		{BBBECEDD-EDEC-4904-AFDE-9EE0312FC72D}.AppStore|iPhoneSimulator.ActiveCfg = Release|x86
		{BBBECEDD-EDEC-4904-AFDE-9EE0312FC72D}.AppStore|iPhoneSimulator.Build.0 = Release|x86
		{BBBECEDD-EDEC-4904-AFDE-9EE0312FC72D}.AppStore|iPhoneSimulator.Deploy.0 = Release|x86
		{BBBECEDD-EDEC-4904-AFDE-9EE0312FC72D}.AppStore|x64.ActiveCfg = Release|x64
		{BBBECEDD-EDEC-4904-AFDE-9EE0312FC72D}.AppStore|x64.Build.0 = Release|x64
		{BBBECEDD-EDEC-4904-AFDE-9EE0312FC72D}.AppStore|x64.Deploy.0 = Release|x64
		{BBBECEDD-EDEC-4904-AFDE-9EE0312FC72D}.AppStore|x86.ActiveCfg = Release|x86
		{BBBECEDD-EDEC-4904-AFDE-9EE0312FC72D}.AppStore|x86.Build.0 = Release|x86
		{BBBECEDD-EDEC-4904-AFDE-9EE0312FC72D}.AppStore|x86.Deploy.0 = Release|x86
		{BBBECEDD-EDEC-4904-AFDE-9EE0312FC72D}.Debug|Any CPU.ActiveCfg = Debug|x86
		{BBBECEDD-EDEC-4904-AFDE-9EE0312FC72D}.Debug|ARM.ActiveCfg = Debug|ARM
		{BBBECEDD-EDEC-4904-AFDE-9EE0312FC72D}.Debug|ARM.Build.0 = Debug|ARM
		{BBBECEDD-EDEC-4904-AFDE-9EE0312FC72D}.Debug|ARM.Deploy.0 = Debug|ARM
		{BBBECEDD-EDEC-4904-AFDE-9EE0312FC72D}.Debug|iPhone.ActiveCfg = Debug|x86
		{BBBECEDD-EDEC-4904-AFDE-9EE0312FC72D}.Debug|iPhoneSimulator.ActiveCfg = Debug|x86
		{BBBECEDD-EDEC-4904-AFDE-9EE0312FC72D}.Debug|x64.ActiveCfg = Debug|x64
		{BBBECEDD-EDEC-4904-AFDE-9EE0312FC72D}.Debug|x64.Build.0 = Debug|x64
		{BBBECEDD-EDEC-4904-AFDE-9EE0312FC72D}.Debug|x64.Deploy.0 = Debug|x64
		{BBBECEDD-EDEC-4904-AFDE-9EE0312FC72D}.Debug|x86.ActiveCfg = Debug|x86
		{BBBECEDD-EDEC-4904-AFDE-9EE0312FC72D}.Debug|x86.Build.0 = Debug|x86
		{BBBECEDD-EDEC-4904-AFDE-9EE0312FC72D}.Debug|x86.Deploy.0 = Debug|x86
		{BBBECEDD-EDEC-4904-AFDE-9EE0312FC72D}.Release|Any CPU.ActiveCfg = Release|x86
		{BBBECEDD-EDEC-4904-AFDE-9EE0312FC72D}.Release|ARM.ActiveCfg = Release|ARM
		{BBBECEDD-EDEC-4904-AFDE-9EE0312FC72D}.Release|ARM.Build.0 = Release|ARM
		{BBBECEDD-EDEC-4904-AFDE-9EE0312FC72D}.Release|ARM.Deploy.0 = Release|ARM
		{BBBECEDD-EDEC-4904-AFDE-9EE0312FC72D}.Release|iPhone.ActiveCfg = Release|x86
		{BBBECEDD-EDEC-4904-AFDE-9EE0312FC72D}.Release|iPhoneSimulator.ActiveCfg = Release|x86
		{BBBECEDD-EDEC-4904-AFDE-9EE0312FC72D}.Release|x64.ActiveCfg = Release|x64
		{BBBECEDD-EDEC-4904-AFDE-9EE0312FC72D}.Release|x64.Build.0 = Release|x64
		{BBBECEDD-EDEC-4904-AFDE-9EE0312FC72D}.Release|x64.Deploy.0 = Release|x64
		{BBBECEDD-EDEC-4904-AFDE-9EE0312FC72D}.Release|x86.ActiveCfg = Release|x86
		{BBBECEDD-EDEC-4904-AFDE-9EE0312FC72D}.Release|x86.Build.0 = Release|x86
		{BBBECEDD-EDEC-4904-AFDE-9EE0312FC72D}.Release|x86.Deploy.0 = Release|x86
		{C3A2C52B-B100-47B6-9FA6-8B577D214E02}.Ad-Hoc|Any CPU.ActiveCfg = Debug|Any CPU
		{C3A2C52B-B100-47B6-9FA6-8B577D214E02}.Ad-Hoc|Any CPU.Build.0 = Debug|Any CPU
		{C3A2C52B-B100-47B6-9FA6-8B577D214E02}.Ad-Hoc|ARM.ActiveCfg = Debug|Any CPU
		{C3A2C52B-B100-47B6-9FA6-8B577D214E02}.Ad-Hoc|ARM.Build.0 = Debug|Any CPU
		{C3A2C52B-B100-47B6-9FA6-8B577D214E02}.Ad-Hoc|iPhone.ActiveCfg = Debug|Any CPU
		{C3A2C52B-B100-47B6-9FA6-8B577D214E02}.Ad-Hoc|iPhone.Build.0 = Debug|Any CPU
		{C3A2C52B-B100-47B6-9FA6-8B577D214E02}.Ad-Hoc|iPhoneSimulator.ActiveCfg = Debug|Any CPU
		{C3A2C52B-B100-47B6-9FA6-8B577D214E02}.Ad-Hoc|iPhoneSimulator.Build.0 = Debug|Any CPU
		{C3A2C52B-B100-47B6-9FA6-8B577D214E02}.Ad-Hoc|x64.ActiveCfg = Debug|Any CPU
		{C3A2C52B-B100-47B6-9FA6-8B577D214E02}.Ad-Hoc|x64.Build.0 = Debug|Any CPU
		{C3A2C52B-B100-47B6-9FA6-8B577D214E02}.Ad-Hoc|x86.ActiveCfg = Debug|Any CPU
		{C3A2C52B-B100-47B6-9FA6-8B577D214E02}.Ad-Hoc|x86.Build.0 = Debug|Any CPU
		{C3A2C52B-B100-47B6-9FA6-8B577D214E02}.AppStore|Any CPU.ActiveCfg = Debug|Any CPU
		{C3A2C52B-B100-47B6-9FA6-8B577D214E02}.AppStore|Any CPU.Build.0 = Debug|Any CPU
		{C3A2C52B-B100-47B6-9FA6-8B577D214E02}.AppStore|ARM.ActiveCfg = Debug|Any CPU
		{C3A2C52B-B100-47B6-9FA6-8B577D214E02}.AppStore|ARM.Build.0 = Debug|Any CPU
		{C3A2C52B-B100-47B6-9FA6-8B577D214E02}.AppStore|iPhone.ActiveCfg = Debug|Any CPU
		{C3A2C52B-B100-47B6-9FA6-8B577D214E02}.AppStore|iPhone.Build.0 = Debug|Any CPU
		{C3A2C52B-B100-47B6-9FA6-8B577D214E02}.AppStore|iPhoneSimulator.ActiveCfg = Debug|Any CPU
		{C3A2C52B-B100-47B6-9FA6-8B577D214E02}.AppStore|iPhoneSimulator.Build.0 = Debug|Any CPU
		{C3A2C52B-B100-47B6-9FA6-8B577D214E02}.AppStore|x64.ActiveCfg = Debug|Any CPU
		{C3A2C52B-B100-47B6-9FA6-8B577D214E02}.AppStore|x64.Build.0 = Debug|Any CPU
		{C3A2C52B-B100-47B6-9FA6-8B577D214E02}.AppStore|x86.ActiveCfg = Debug|Any CPU
		{C3A2C52B-B100-47B6-9FA6-8B577D214E02}.AppStore|x86.Build.0 = Debug|Any CPU
		{C3A2C52B-B100-47B6-9FA6-8B577D214E02}.Debug|Any CPU.ActiveCfg = Debug|Any CPU
		{C3A2C52B-B100-47B6-9FA6-8B577D214E02}.Debug|Any CPU.Build.0 = Debug|Any CPU
		{C3A2C52B-B100-47B6-9FA6-8B577D214E02}.Debug|ARM.ActiveCfg = Debug|Any CPU
		{C3A2C52B-B100-47B6-9FA6-8B577D214E02}.Debug|ARM.Build.0 = Debug|Any CPU
		{C3A2C52B-B100-47B6-9FA6-8B577D214E02}.Debug|iPhone.ActiveCfg = Debug|Any CPU
		{C3A2C52B-B100-47B6-9FA6-8B577D214E02}.Debug|iPhone.Build.0 = Debug|Any CPU
		{C3A2C52B-B100-47B6-9FA6-8B577D214E02}.Debug|iPhoneSimulator.ActiveCfg = Debug|Any CPU
		{C3A2C52B-B100-47B6-9FA6-8B577D214E02}.Debug|iPhoneSimulator.Build.0 = Debug|Any CPU
		{C3A2C52B-B100-47B6-9FA6-8B577D214E02}.Debug|x64.ActiveCfg = Debug|Any CPU
		{C3A2C52B-B100-47B6-9FA6-8B577D214E02}.Debug|x64.Build.0 = Debug|Any CPU
		{C3A2C52B-B100-47B6-9FA6-8B577D214E02}.Debug|x86.ActiveCfg = Debug|Any CPU
		{C3A2C52B-B100-47B6-9FA6-8B577D214E02}.Debug|x86.Build.0 = Debug|Any CPU
		{C3A2C52B-B100-47B6-9FA6-8B577D214E02}.Release|Any CPU.ActiveCfg = Release|Any CPU
		{C3A2C52B-B100-47B6-9FA6-8B577D214E02}.Release|Any CPU.Build.0 = Release|Any CPU
		{C3A2C52B-B100-47B6-9FA6-8B577D214E02}.Release|ARM.ActiveCfg = Release|Any CPU
		{C3A2C52B-B100-47B6-9FA6-8B577D214E02}.Release|ARM.Build.0 = Release|Any CPU
		{C3A2C52B-B100-47B6-9FA6-8B577D214E02}.Release|iPhone.ActiveCfg = Release|Any CPU
		{C3A2C52B-B100-47B6-9FA6-8B577D214E02}.Release|iPhone.Build.0 = Release|Any CPU
		{C3A2C52B-B100-47B6-9FA6-8B577D214E02}.Release|iPhoneSimulator.ActiveCfg = Release|Any CPU
		{C3A2C52B-B100-47B6-9FA6-8B577D214E02}.Release|iPhoneSimulator.Build.0 = Release|Any CPU
		{C3A2C52B-B100-47B6-9FA6-8B577D214E02}.Release|x64.ActiveCfg = Release|Any CPU
		{C3A2C52B-B100-47B6-9FA6-8B577D214E02}.Release|x64.Build.0 = Release|Any CPU
		{C3A2C52B-B100-47B6-9FA6-8B577D214E02}.Release|x86.ActiveCfg = Release|Any CPU
		{C3A2C52B-B100-47B6-9FA6-8B577D214E02}.Release|x86.Build.0 = Release|Any CPU
	EndGlobalSection
	GlobalSection(SolutionProperties) = preSolution
		HideSolutionNode = FALSE
	EndGlobalSection
	GlobalSection(ExtensibilityGlobals) = postSolution
		SolutionGuid = {52CEBB1B-8F8E-48C6-A2B8-F18B04AB37FD}
	EndGlobalSection
EndGlobal
